
Microsoft Visual Studio Solution File, Format Version 12.00
# Visual Studio Version 17
VisualStudioVersion = 17.3.32929.385
MinimumVisualStudioVersion = 10.0.40219.1
Project("{FAE04EC0-301F-11D3-BF4B-00C04F79EFBC}") = "array", "array\array.csproj", "{31954CB9-7826-413D-9218-0C58385E0B41}"
EndProject
Global
	GlobalSection(SolutionConfigurationPlatforms) = preSolution
		Debug|Any CPU = Debug|Any CPU
		Release|Any CPU = Release|Any CPU
	EndGlobalSection
	GlobalSection(ProjectConfigurationPlatforms) = postSolution
		{31954CB9-7826-413D-9218-0C58385E0B41}.Debug|Any CPU.ActiveCfg = Debug|Any CPU
		{31954CB9-7826-413D-9218-0C58385E0B41}.Debug|Any CPU.Build.0 = Debug|Any CPU
		{31954CB9-7826-413D-9218-0C58385E0B41}.Release|Any CPU.ActiveCfg = Release|Any CPU
		{31954CB9-7826-413D-9218-0C58385E0B41}.Release|Any CPU.Build.0 = Release|Any CPU
	EndGlobalSection
	GlobalSection(SolutionProperties) = preSolution
		HideSolutionNode = FALSE
	EndGlobalSection
	GlobalSection(ExtensibilityGlobals) = postSolution
		SolutionGuid = {3B0DE909-1E09-44E8-8914-42132C10BC7B}
	EndGlobalSection
EndGlobal
